
Microsoft Visual Studio Solution File, Format Version 12.00
Project("{FAE04EC0-301F-11D3-BF4B-00C04F79EFBC}") = "Tiny16Assembler", "Tiny16Assembler\Tiny16Assembler.csproj", "{871EC2AC-0744-4CA3-8161-1090840A786C}"
EndProject
Project("{FAE04EC0-301F-11D3-BF4B-00C04F79EFBC}") = "GenericAssembler", "..\GenericAssembler\GenericAssembler\GenericAssembler.csproj", "{79BB0377-7872-4D61-ADB1-8C2A3D7E0CB8}"
EndProject
Global
	GlobalSection(SolutionConfigurationPlatforms) = preSolution
		Debug|Any CPU = Debug|Any CPU
		Release|Any CPU = Release|Any CPU
	EndGlobalSection
	GlobalSection(ProjectConfigurationPlatforms) = postSolution
		{871EC2AC-0744-4CA3-8161-1090840A786C}.Debug|Any CPU.ActiveCfg = Debug|Any CPU
		{871EC2AC-0744-4CA3-8161-1090840A786C}.Debug|Any CPU.Build.0 = Debug|Any CPU
		{871EC2AC-0744-4CA3-8161-1090840A786C}.Release|Any CPU.ActiveCfg = Release|Any CPU
		{871EC2AC-0744-4CA3-8161-1090840A786C}.Release|Any CPU.Build.0 = Release|Any CPU
		{79BB0377-7872-4D61-ADB1-8C2A3D7E0CB8}.Debug|Any CPU.ActiveCfg = Debug|Any CPU
		{79BB0377-7872-4D61-ADB1-8C2A3D7E0CB8}.Debug|Any CPU.Build.0 = Debug|Any CPU
		{79BB0377-7872-4D61-ADB1-8C2A3D7E0CB8}.Release|Any CPU.ActiveCfg = Release|Any CPU
		{79BB0377-7872-4D61-ADB1-8C2A3D7E0CB8}.Release|Any CPU.Build.0 = Release|Any CPU
	EndGlobalSection
EndGlobal
