
Microsoft Visual Studio Solution File, Format Version 12.00
Project("{FAE04EC0-301F-11D3-BF4B-00C04F79EFBC}") = "Cpu16Emulator", "Cpu16Emulator\Cpu16Emulator.csproj", "{1AB3FAF3-1ECD-45CF-8695-98A020F18841}"
EndProject
Global
	GlobalSection(SolutionConfigurationPlatforms) = preSolution
		Debug|Any CPU = Debug|Any CPU
		Release|Any CPU = Release|Any CPU
	EndGlobalSection
	GlobalSection(ProjectConfigurationPlatforms) = postSolution
		{1AB3FAF3-1ECD-45CF-8695-98A020F18841}.Debug|Any CPU.ActiveCfg = Debug|Any CPU
		{1AB3FAF3-1ECD-45CF-8695-98A020F18841}.Debug|Any CPU.Build.0 = Debug|Any CPU
		{1AB3FAF3-1ECD-45CF-8695-98A020F18841}.Release|Any CPU.ActiveCfg = Release|Any CPU
		{1AB3FAF3-1ECD-45CF-8695-98A020F18841}.Release|Any CPU.Build.0 = Release|Any CPU
	EndGlobalSection
EndGlobal
