
Microsoft Visual Studio Solution File, Format Version 12.00
Project("{FAE04EC0-301F-11D3-BF4B-00C04F79EFBC}") = "DumpToHex", "DumpToHex\DumpToHex.csproj", "{FAD7100B-3261-4DF7-9254-C40D8F4823BB}"
EndProject
Global
	GlobalSection(SolutionConfigurationPlatforms) = preSolution
		Debug|Any CPU = Debug|Any CPU
		Release|Any CPU = Release|Any CPU
	EndGlobalSection
	GlobalSection(ProjectConfigurationPlatforms) = postSolution
		{FAD7100B-3261-4DF7-9254-C40D8F4823BB}.Debug|Any CPU.ActiveCfg = Debug|Any CPU
		{FAD7100B-3261-4DF7-9254-C40D8F4823BB}.Debug|Any CPU.Build.0 = Debug|Any CPU
		{FAD7100B-3261-4DF7-9254-C40D8F4823BB}.Release|Any CPU.ActiveCfg = Release|Any CPU
		{FAD7100B-3261-4DF7-9254-C40D8F4823BB}.Release|Any CPU.Build.0 = Release|Any CPU
	EndGlobalSection
EndGlobal
