
Microsoft Visual Studio Solution File, Format Version 12.00
Project("{FAE04EC0-301F-11D3-BF4B-00C04F79EFBC}") = "CPU16_8StageMicrocodeGenerator", "CPU16_8StageMicrocodeGenerator\CPU16_8StageMicrocodeGenerator.csproj", "{D3AFB328-51B3-4366-A99B-836A0C512F31}"
EndProject
Global
	GlobalSection(SolutionConfigurationPlatforms) = preSolution
		Debug|Any CPU = Debug|Any CPU
		Release|Any CPU = Release|Any CPU
	EndGlobalSection
	GlobalSection(ProjectConfigurationPlatforms) = postSolution
		{D3AFB328-51B3-4366-A99B-836A0C512F31}.Debug|Any CPU.ActiveCfg = Debug|Any CPU
		{D3AFB328-51B3-4366-A99B-836A0C512F31}.Debug|Any CPU.Build.0 = Debug|Any CPU
		{D3AFB328-51B3-4366-A99B-836A0C512F31}.Release|Any CPU.ActiveCfg = Release|Any CPU
		{D3AFB328-51B3-4366-A99B-836A0C512F31}.Release|Any CPU.Build.0 = Release|Any CPU
	EndGlobalSection
EndGlobal
